
Microsoft Visual Studio Solution File, Format Version 12.00
# Visual Studio Version 17
VisualStudioVersion = 17.3.32825.248
MinimumVisualStudioVersion = 10.0.40219.1
Project("{FAE04EC0-301F-11D3-BF4B-00C04F79EFBC}") = "ProductManagement_2", "ProductManagement_2\ProductManagement_2.csproj", "{22FE3431-C4FF-4A20-870E-256E9508DC28}"
EndProject
Global
	GlobalSection(SolutionConfigurationPlatforms) = preSolution
		Debug|Any CPU = Debug|Any CPU
		Release|Any CPU = Release|Any CPU
	EndGlobalSection
	GlobalSection(ProjectConfigurationPlatforms) = postSolution
		{22FE3431-C4FF-4A20-870E-256E9508DC28}.Debug|Any CPU.ActiveCfg = Debug|Any CPU
		{22FE3431-C4FF-4A20-870E-256E9508DC28}.Debug|Any CPU.Build.0 = Debug|Any CPU
		{22FE3431-C4FF-4A20-870E-256E9508DC28}.Release|Any CPU.ActiveCfg = Release|Any CPU
		{22FE3431-C4FF-4A20-870E-256E9508DC28}.Release|Any CPU.Build.0 = Release|Any CPU
	EndGlobalSection
	GlobalSection(SolutionProperties) = preSolution
		HideSolutionNode = FALSE
	EndGlobalSection
	GlobalSection(ExtensibilityGlobals) = postSolution
		SolutionGuid = {99AF2E45-7557-439A-B8D8-EC8FFC9771A8}
	EndGlobalSection
EndGlobal
